
Microsoft Visual Studio Solution File, Format Version 12.00
# Visual Studio 15
VisualStudioVersion = 15.0.28010.2036
MinimumVisualStudioVersion = 10.0.40219.1
Project("{E24C65DC-7377-472B-9ABA-BC803B73C61A}") = "DateSheetGeneration", "DateSheetGeneration\", "{D224E8F9-FF68-4677-93B7-0C55EE9A1C31}"
	ProjectSection(WebsiteProperties) = preProject
		TargetFrameworkMoniker = ".NETFramework,Version%3Dv4.6.1"
		Debug.AspNetCompiler.VirtualPath = "/localhost_64753"
		Debug.AspNetCompiler.PhysicalPath = "DateSheetGeneration\"
		Debug.AspNetCompiler.TargetPath = "PrecompiledWeb\localhost_64753\"
		Debug.AspNetCompiler.Updateable = "true"
		Debug.AspNetCompiler.ForceOverwrite = "true"
		Debug.AspNetCompiler.FixedNames = "false"
		Debug.AspNetCompiler.Debug = "True"
		Release.AspNetCompiler.VirtualPath = "/localhost_64753"
		Release.AspNetCompiler.PhysicalPath = "DateSheetGeneration\"
		Release.AspNetCompiler.TargetPath = "PrecompiledWeb\localhost_64753\"
		Release.AspNetCompiler.Updateable = "true"
		Release.AspNetCompiler.ForceOverwrite = "true"
		Release.AspNetCompiler.FixedNames = "false"
		Release.AspNetCompiler.Debug = "False"
		VWDPort = "64753"
		SlnRelativePath = "DateSheetGeneration\"
		DefaultWebSiteLanguage = "Visual C#"
	EndProjectSection
EndProject
Global
	GlobalSection(SolutionConfigurationPlatforms) = preSolution
		Debug|Any CPU = Debug|Any CPU
	EndGlobalSection
	GlobalSection(ProjectConfigurationPlatforms) = postSolution
		{D224E8F9-FF68-4677-93B7-0C55EE9A1C31}.Debug|Any CPU.ActiveCfg = Debug|Any CPU
		{D224E8F9-FF68-4677-93B7-0C55EE9A1C31}.Debug|Any CPU.Build.0 = Debug|Any CPU
	EndGlobalSection
	GlobalSection(SolutionProperties) = preSolution
		HideSolutionNode = FALSE
	EndGlobalSection
	GlobalSection(ExtensibilityGlobals) = postSolution
		SolutionGuid = {28D16083-E3A7-4CC8-BBB3-BCF53C690D0A}
	EndGlobalSection
EndGlobal
